// !$*UTF8*$!
{
	archiveVersion = 1;
	classes = {
	};
	objectVersion = 50;
	objects = {

/* Begin PBXBuildFile section */
		DDF59AA524BEFD8D0054D2FD /* AppDelegate.swift in Sources */ = {isa = PBXBuildFile; fileRef = DDF59AA424BEFD8D0054D2FD /* AppDelegate.swift */; };
		DDF59AA724BEFD8D0054D2FD /* SceneDelegate.swift in Sources */ = {isa = PBXBuildFile; fileRef = DDF59AA624BEFD8D0054D2FD /* SceneDelegate.swift */; };
		DDF59AA924BEFD8D0054D2FD /* ViewController.swift in Sources */ = {isa = PBXBuildFile; fileRef = DDF59AA824BEFD8D0054D2FD /* ViewController.swift */; };
		DDF59AAC24BEFD8D0054D2FD /* Main.storyboard in Resources */ = {isa = PBXBuildFile; fileRef = DDF59AAA24BEFD8D0054D2FD /* Main.storyboard */; };
		DDF59AAE24BEFD920054D2FD /* Assets.xcassets in Resources */ = {isa = PBXBuildFile; fileRef = DDF59AAD24BEFD920054D2FD /* Assets.xcassets */; };
		DDF59AB124BEFD920054D2FD /* LaunchScreen.storyboard in Resources */ = {isa = PBXBuildFile; fileRef = DDF59AAF24BEFD920054D2FD /* LaunchScreen.storyboard */; };
		DDF59AB924BF14CC0054D2FD /* ScrollViewController.swift in Sources */ = {isa = PBXBuildFile; fileRef = DDF59AB824BF14CC0054D2FD /* ScrollViewController.swift */; };
/* End PBXBuildFile section */

/* Begin PBXFileReference section */
		DDF59AA124BEFD8D0054D2FD /* Wubai and China Blue's album.app */ = {isa = PBXFileReference; explicitFileType = wrapper.application; includeInIndex = 0; path = "Wubai and China Blue's album.app"; sourceTree = BUILT_PRODUCTS_DIR; };
		DDF59AA424BEFD8D0054D2FD /* AppDelegate.swift */ = {isa = PBXFileReference; lastKnownFileType = sourcecode.swift; path = AppDelegate.swift; sourceTree = "<group>"; };
		DDF59AA624BEFD8D0054D2FD /* SceneDelegate.swift */ = {isa = PBXFileReference; lastKnownFileType = sourcecode.swift; path = SceneDelegate.swift; sourceTree = "<group>"; };
		DDF59AA824BEFD8D0054D2FD /* ViewController.swift */ = {isa = PBXFileReference; lastKnownFileType = sourcecode.swift; path = ViewController.swift; sourceTree = "<group>"; };
		DDF59AAB24BEFD8D0054D2FD /* Base */ = {isa = PBXFileReference; lastKnownFileType = file.storyboard; name = Base; path = Base.lproj/Main.storyboard; sourceTree = "<group>"; };
		DDF59AAD24BEFD920054D2FD /* Assets.xcassets */ = {isa = PBXFileReference; lastKnownFileType = folder.assetcatalog; path = Assets.xcassets; sourceTree = "<group>"; };
		DDF59AB024BEFD920054D2FD /* Base */ = {isa = PBXFileReference; lastKnownFileType = file.storyboard; name = Base; path = Base.lproj/LaunchScreen.storyboard; sourceTree = "<group>"; };
		DDF59AB224BEFD920054D2FD /* Info.plist */ = {isa = PBXFileReference; lastKnownFileType = text.plist.xml; path = Info.plist; sourceTree = "<group>"; };
		DDF59AB824BF14CC0054D2FD /* ScrollViewController.swift */ = {isa = PBXFileReference; lastKnownFileType = sourcecode.swift; path = ScrollViewController.swift; sourceTree = "<group>"; };
/* End PBXFileReference section */

/* Begin PBXFrameworksBuildPhase section */
		DDF59A9E24BEFD8D0054D2FD /* Frameworks */ = {
			isa = PBXFrameworksBuildPhase;
			buildActionMask = 2147483647;
			files = (
			);
			runOnlyForDeploymentPostprocessing = 0;
		};
/* End PBXFrameworksBuildPhase section */

/* Begin PBXGroup section */
		DDF59A9824BEFD8D0054D2FD = {
			isa = PBXGroup;
			children = (
				DDF59AA324BEFD8D0054D2FD /* Wubai and China Blue's album */,
				DDF59AA224BEFD8D0054D2FD /* Products */,
			);
			sourceTree = "<group>";
		};
		DDF59AA224BEFD8D0054D2FD /* Products */ = {
			isa = PBXGroup;
			children = (
				DDF59AA124BEFD8D0054D2FD /* Wubai and China Blue's album.app */,
			);
			name = Products;
			sourceTree = "<group>";
		};
		DDF59AA324BEFD8D0054D2FD /* Wubai and China Blue's album */ = {
			isa = PBXGroup;
			children = (
				DDF59AA424BEFD8D0054D2FD /* AppDelegate.swift */,
				DDF59AA624BEFD8D0054D2FD /* SceneDelegate.swift */,
				DDF59AA824BEFD8D0054D2FD /* ViewController.swift */,
				DDF59AAA24BEFD8D0054D2FD /* Main.storyboard */,
				DDF59AB824BF14CC0054D2FD /* ScrollViewController.swift */,
				DDF59AAD24BEFD920054D2FD /* Assets.xcassets */,
				DDF59AAF24BEFD920054D2FD /* LaunchScreen.storyboard */,
				DDF59AB224BEFD920054D2FD /* Info.plist */,
			);
			path = "Wubai and China Blue's album";
			sourceTree = "<group>";
		};
/* End PBXGroup section */

/* Begin PBXNativeTarget section */
		DDF59AA024BEFD8D0054D2FD /* Wubai and China Blue's album */ = {
			isa = PBXNativeTarget;
			buildConfigurationList = DDF59AB524BEFD920054D2FD /* Build configuration list for PBXNativeTarget "Wubai and China Blue's album" */;
			buildPhases = (
				DDF59A9D24BEFD8D0054D2FD /* Sources */,
				DDF59A9E24BEFD8D0054D2FD /* Frameworks */,
				DDF59A9F24BEFD8D0054D2FD /* Resources */,
			);
			buildRules = (
			);
			dependencies = (
			);
			name = "Wubai and China Blue's album";
			productName = "Wubai and China Blue's album";
			productReference = DDF59AA124BEFD8D0054D2FD /* Wubai and China Blue's album.app */;
			productType = "com.apple.product-type.application";
		};
/* End PBXNativeTarget section */

/* Begin PBXProject section */
		DDF59A9924BEFD8D0054D2FD /* Project object */ = {
			isa = PBXProject;
			attributes = {
				LastSwiftUpdateCheck = 1150;
				LastUpgradeCheck = 1150;
				ORGANIZATIONNAME = tantsunsin;
				TargetAttributes = {
					DDF59AA024BEFD8D0054D2FD = {
						CreatedOnToolsVersion = 11.5;
					};
				};
			};
			buildConfigurationList = DDF59A9C24BEFD8D0054D2FD /* Build configuration list for PBXProject "Wubai and China Blue's album" */;
			compatibilityVersion = "Xcode 9.3";
			developmentRegion = en;
			hasScannedForEncodings = 0;
			knownRegions = (
				en,
				Base,
			);
			mainGroup = DDF59A9824BEFD8D0054D2FD;
			productRefGroup = DDF59AA224BEFD8D0054D2FD /* Products */;
			projectDirPath = "";
			projectRoot = "";
			targets = (
				DDF59AA024BEFD8D0054D2FD /* Wubai and China Blue's album */,
			);
		};
/* End PBXProject section */

/* Begin PBXResourcesBuildPhase section */
		DDF59A9F24BEFD8D0054D2FD /* Resources */ = {
			isa = PBXResourcesBuildPhase;
			buildActionMask = 2147483647;
			files = (
				DDF59AB124BEFD920054D2FD /* LaunchScreen.storyboard in Resources */,
				DDF59AAE24BEFD920054D2FD /* Assets.xcassets in Resources */,
				DDF59AAC24BEFD8D0054D2FD /* Main.storyboard in Resources */,
			);
			runOnlyForDeploymentPostprocessing = 0;
		};
/* End PBXResourcesBuildPhase section */

/* Begin PBXSourcesBuildPhase section */
		DDF59A9D24BEFD8D0054D2FD /* Sources */ = {
			isa = PBXSourcesBuildPhase;
			buildActionMask = 2147483647;
			files = (
				DDF59AA924BEFD8D0054D2FD /* ViewController.swift in Sources */,
				DDF59AA524BEFD8D0054D2FD /* AppDelegate.swift in Sources */,
				DDF59AA724BEFD8D0054D2FD /* SceneDelegate.swift in Sources */,
				DDF59AB924BF14CC0054D2FD /* ScrollViewController.swift in Sources */,
			);
			runOnlyForDeploymentPostprocessing = 0;
		};
/* End PBXSourcesBuildPhase section */

/* Begin PBXVariantGroup section */
		DDF59AAA24BEFD8D0054D2FD /* Main.storyboard */ = {
			isa = PBXVariantGroup;
			children = (
				DDF59AAB24BEFD8D0054D2FD /* Base */,
			);
			name = Main.storyboard;
			sourceTree = "<group>";
		};
		DDF59AAF24BEFD920054D2FD /* LaunchScreen.storyboard */ = {
			isa = PBXVariantGroup;
			children = (
				DDF59AB024BEFD920054D2FD /* Base */,
			);
			name = LaunchScreen.storyboard;
			sourceTree = "<group>";
		};
/* End PBXVariantGroup section */

/* Begin XCBuildConfiguration section */
		DDF59AB324BEFD920054D2FD /* Debug */ = {
			isa = XCBuildConfiguration;
			buildSettings = {
				ALWAYS_SEARCH_USER_PATHS = NO;
				CLANG_ANALYZER_NONNULL = YES;
				CLANG_ANALYZER_NUMBER_OBJECT_CONVERSION = YES_AGGRESSIVE;
				CLANG_CXX_LANGUAGE_STANDARD = "gnu++14";
				CLANG_CXX_LIBRARY = "libc++";
				CLANG_ENABLE_MODULES = YES;
				CLANG_ENABLE_OBJC_ARC = YES;
				CLANG_ENABLE_OBJC_WEAK = YES;
				CLANG_WARN_BLOCK_CAPTURE_AUTORELEASING = YES;
				CLANG_WARN_BOOL_CONVERSION = YES;
				CLANG_WARN_COMMA = YES;
				CLANG_WARN_CONSTANT_CONVERSION = YES;
				CLANG_WARN_DEPRECATED_OBJC_IMPLEMENTATIONS = YES;
				CLANG_WARN_DIRECT_OBJC_ISA_USAGE = YES_ERROR;
				CLANG_WARN_DOCUMENTATION_COMMENTS = YES;
				CLANG_WARN_EMPTY_BODY = YES;
				CLANG_WARN_ENUM_CONVERSION = YES;
				CLANG_WARN_INFINITE_RECURSION = YES;
				CLANG_WARN_INT_CONVERSION = YES;
				CLANG_WARN_NON_LITERAL_NULL_CONVERSION = YES;
				CLANG_WARN_OBJC_IMPLICIT_RETAIN_SELF = YES;
				CLANG_WARN_OBJC_LITERAL_CONVERSION = YES;
				CLANG_WARN_OBJC_ROOT_CLASS = YES_ERROR;
				CLANG_WARN_RANGE_LOOP_ANALYSIS = YES;
				CLANG_WARN_STRICT_PROTOTYPES = YES;
				CLANG_WARN_SUSPICIOUS_MOVE = YES;
				CLANG_WARN_UNGUARDED_AVAILABILITY = YES_AGGRESSIVE;
				CLANG_WARN_UNREACHABLE_CODE = YES;
				CLANG_WARN__DUPLICATE_METHOD_MATCH = YES;
				COPY_PHASE_STRIP = NO;
				DEBUG_INFORMATION_FORMAT = dwarf;
				ENABLE_STRICT_OBJC_MSGSEND = YES;
				ENABLE_TESTABILITY = YES;
				GCC_C_LANGUAGE_STANDARD = gnu11;
				GCC_DYNAMIC_NO_PIC = NO;
				GCC_NO_COMMON_BLOCKS = YES;
				GCC_OPTIMIZATION_LEVEL = 0;
				GCC_PREPROCESSOR_DEFINITIONS = (
					"DEBUG=1",
					"$(inherited)",
				);
				GCC_WARN_64_TO_32_BIT_CONVERSION = YES;
				GCC_WARN_ABOUT_RETURN_TYPE = YES_ERROR;
				GCC_WARN_UNDECLARED_SELECTOR = YES;
				GCC_WARN_UNINITIALIZED_AUTOS = YES_AGGRESSIVE;
				GCC_WARN_UNUSED_FUNCTION = YES;
				GCC_WARN_UNUSED_VARIABLE = YES;
				IPHONEOS_DEPLOYMENT_TARGET = 13.5;
				MTL_ENABLE_DEBUG_INFO = INCLUDE_SOURCE;
				MTL_FAST_MATH = YES;
				ONLY_ACTIVE_ARCH = YES;
				SDKROOT = iphoneos;
				SWIFT_ACTIVE_COMPILATION_CONDITIONS = DEBUG;
				SWIFT_OPTIMIZATION_LEVEL = "-Onone";
			};
			name = Debug;
		};
		DDF59AB424BEFD920054D2FD /* Release */ = {
			isa = XCBuildConfiguration;
			buildSettings = {
				ALWAYS_SEARCH_USER_PATHS = NO;
				CLANG_ANALYZER_NONNULL = YES;
				CLANG_ANALYZER_NUMBER_OBJECT_CONVERSION = YES_AGGRESSIVE;
				CLANG_CXX_LANGUAGE_STANDARD = "gnu++14";
				CLANG_CXX_LIBRARY = "libc++";
				CLANG_ENABLE_MODULES = YES;
				CLANG_ENABLE_OBJC_ARC = YES;
				CLANG_ENABLE_OBJC_WEAK = YES;
				CLANG_WARN_BLOCK_CAPTURE_AUTORELEASING = YES;
				CLANG_WARN_BOOL_CONVERSION = YES;
				CLANG_WARN_COMMA = YES;
				CLANG_WARN_CONSTANT_CONVERSION = YES;
				CLANG_WARN_DEPRECATED_OBJC_IMPLEMENTATIONS = YES;
				CLANG_WARN_DIRECT_OBJC_ISA_USAGE = YES_ERROR;
				CLANG_WARN_DOCUMENTATION_COMMENTS = YES;
				CLANG_WARN_EMPTY_BODY = YES;
				CLANG_WARN_ENUM_CONVERSION = YES;
				CLANG_WARN_INFINITE_RECURSION = YES;
				CLANG_WARN_INT_CONVERSION = YES;
				CLANG_WARN_NON_LITERAL_NULL_CONVERSION = YES;
				CLANG_WARN_OBJC_IMPLICIT_RETAIN_SELF = YES;
				CLANG_WARN_OBJC_LITERAL_CONVERSION = YES;
				CLANG_WARN_OBJC_ROOT_CLASS = YES_ERROR;
				CLANG_WARN_RANGE_LOOP_ANALYSIS = YES;
				CLANG_WARN_STRICT_PROTOTYPES = YES;
				CLANG_WARN_SUSPICIOUS_MOVE = YES;
				CLANG_WARN_UNGUARDED_AVAILABILITY = YES_AGGRESSIVE;
				CLANG_WARN_UNREACHABLE_CODE = YES;
				CLANG_WARN__DUPLICATE_METHOD_MATCH = YES;
				COPY_PHASE_STRIP = NO;
				DEBUG_INFORMATION_FORMAT = "dwarf-with-dsym";
				ENABLE_NS_ASSERTIONS = NO;
				ENABLE_STRICT_OBJC_MSGSEND = YES;
				GCC_C_LANGUAGE_STANDARD = gnu11;
				GCC_NO_COMMON_BLOCKS = YES;
				GCC_WARN_64_TO_32_BIT_CONVERSION = YES;
				GCC_WARN_ABOUT_RETURN_TYPE = YES_ERROR;
				GCC_WARN_UNDECLARED_SELECTOR = YES;
				GCC_WARN_UNINITIALIZED_AUTOS = YES_AGGRESSIVE;
				GCC_WARN_UNUSED_FUNCTION = YES;
				GCC_WARN_UNUSED_VARIABLE = YES;
				IPHONEOS_DEPLOYMENT_TARGET = 13.5;
				MTL_ENABLE_DEBUG_INFO = NO;
				MTL_FAST_MATH = YES;
				SDKROOT = iphoneos;
				SWIFT_COMPILATION_MODE = wholemodule;
				SWIFT_OPTIMIZATION_LEVEL = "-O";
				VALIDATE_PRODUCT = YES;
			};
			name = Release;
		};
		DDF59AB624BEFD920054D2FD /* Debug */ = {
			isa = XCBuildConfiguration;
			buildSettings = {
				ASSETCATALOG_COMPILER_APPICON_NAME = AppIcon;
				CODE_SIGN_STYLE = Automatic;
				DEVELOPMENT_TEAM = 8RN4KN4PWZ;
				INFOPLIST_FILE = "Wubai and China Blue's album/Info.plist";
				LD_RUNPATH_SEARCH_PATHS = (
					"$(inherited)",
					"@executable_path/Frameworks",
				);
				PRODUCT_BUNDLE_IDENTIFIER = "com.remytan.Wubai-and-China-Blue-s-album";
				PRODUCT_NAME = "$(TARGET_NAME)";
				SWIFT_VERSION = 5.0;
				TARGETED_DEVICE_FAMILY = "1,2";
			};
			name = Debug;
		};
		DDF59AB724BEFD920054D2FD /* Release */ = {
			isa = XCBuildConfiguration;
			buildSettings = {
				ASSETCATALOG_COMPILER_APPICON_NAME = AppIcon;
				CODE_SIGN_STYLE = Automatic;
				DEVELOPMENT_TEAM = 8RN4KN4PWZ;
				INFOPLIST_FILE = "Wubai and China Blue's album/Info.plist";
				LD_RUNPATH_SEARCH_PATHS = (
					"$(inherited)",
					"@executable_path/Frameworks",
				);
				PRODUCT_BUNDLE_IDENTIFIER = "com.remytan.Wubai-and-China-Blue-s-album";
				PRODUCT_NAME = "$(TARGET_NAME)";
				SWIFT_VERSION = 5.0;
				TARGETED_DEVICE_FAMILY = "1,2";
			};
			name = Release;
		};
/* End XCBuildConfiguration section */

/* Begin XCConfigurationList section */
		DDF59A9C24BEFD8D0054D2FD /* Build configuration list for PBXProject "Wubai and China Blue's album" */ = {
			isa = XCConfigurationList;
			buildConfigurations = (
				DDF59AB324BEFD920054D2FD /* Debug */,
				DDF59AB424BEFD920054D2FD /* Release */,
			);
			defaultConfigurationIsVisible = 0;
			defaultConfigurationName = Release;
		};
		DDF59AB524BEFD920054D2FD /* Build configuration list for PBXNativeTarget "Wubai and China Blue's album" */ = {
			isa = XCConfigurationList;
			buildConfigurations = (
				DDF59AB624BEFD920054D2FD /* Debug */,
				DDF59AB724BEFD920054D2FD /* Release */,
			);
			defaultConfigurationIsVisible = 0;
			defaultConfigurationName = Release;
		};
/* End XCConfigurationList section */
	};
	rootObject = DDF59A9924BEFD8D0054D2FD /* Project object */;
}
